<?xml version="1.0" encoding="utf-8"?>
<Project ToolsVersion="4.0" xmlns="http://schemas.microsoft.com/developer/msbuild/2003">
  <ItemGroup>
    <Filter Include="Source Files">
      <UniqueIdentifier>{b3d52426-3393-4e15-bec4-d2f4754502b1}</UniqueIdentifier>
      <Extensions>cpp;c;cxx;rc;def;r;odl;idl;hpj;bat</Extensions>
    </Filter>
    <Filter Include="Header Files">
      <UniqueIdentifier>{20f84912-2295-40ab-bce1-d8d0e5a315bf}</UniqueIdentifier>
      <Extensions>h;hpp;hxx;hm;inl</Extensions>
    </Filter>
    <Filter Include="Resource Files">
      <UniqueIdentifier>{e3515c5f-b332-4d23-a8c6-75af54fd7b99}</UniqueIdentifier>
      <Extensions>ico;cur;bmp;dlg;rc2;rct;bin;rgs;gif;jpg;jpeg;jpe</Extensions>
    </Filter>
  </ItemGroup>
  <ItemGroup>
    <ClCompile Include="AtomEntry.cpp">
      <Filter>Source Files</Filter>
    </ClCompile>
    <ClCompile Include="CAM.cpp">
      <Filter>Source Files</Filter>
    </ClCompile>
    <ClCompile Include="DELB.cpp">
      <Filter>Source Files</Filter>
    </ClCompile>
    <ClCompile Include="DifferentialEvolution.cpp">
      <Filter>Source Files</Filter>
    </ClCompile>
    <ClCompile Include="EnergyCalculator.cpp">
      <Filter>Source Files</Filter>
    </ClCompile>
    <ClCompile Include="EnkephalinPDB.cpp">
      <Filter>Source Files</Filter>
    </ClCompile>
    <ClCompile Include="MetEnkephalinOptimization.cpp">
      <Filter>Source Files</Filter>
    </ClCompile>
    <ClCompile Include="MOCrowdingDEvolution.cpp">
      <Filter>Source Files</Filter>
    </ClCompile>
    <ClCompile Include="MyEvalData.cpp">
      <Filter>Source Files</Filter>
    </ClCompile>
    <ClCompile Include="rmsd.cpp">
      <Filter>Source Files</Filter>
    </ClCompile>
    <ClCompile Include="SAAlgorithm.cpp">
      <Filter>Source Files</Filter>
    </ClCompile>
    <ClCompile Include="StdAfx.cpp">
      <Filter>Source Files</Filter>
    </ClCompile>
  </ItemGroup>
  <ItemGroup>
    <ClInclude Include="AtomEntry.h">
      <Filter>Header Files</Filter>
    </ClInclude>
    <ClInclude Include="CAM.h">
      <Filter>Header Files</Filter>
    </ClInclude>
    <ClInclude Include="config.h">
      <Filter>Header Files</Filter>
    </ClInclude>
    <ClInclude Include="dataStruct.h">
      <Filter>Header Files</Filter>
    </ClInclude>
    <ClInclude Include="DELB.h">
      <Filter>Header Files</Filter>
    </ClInclude>
    <ClInclude Include="DifferentialEvolution.h">
      <Filter>Header Files</Filter>
    </ClInclude>
    <ClInclude Include="EnergyCalculator.h">
      <Filter>Header Files</Filter>
    </ClInclude>
    <ClInclude Include="EnkephalinPDB.h">
      <Filter>Header Files</Filter>
    </ClInclude>
    <ClInclude Include="function.h">
      <Filter>Header Files</Filter>
    </ClInclude>
    <ClInclude Include="MOCrowdingDEvolution.h">
      <Filter>Header Files</Filter>
    </ClInclude>
    <ClInclude Include="MyEvalData.h">
      <Filter>Header Files</Filter>
    </ClInclude>
    <ClInclude Include="rmsd.h">
      <Filter>Header Files</Filter>
    </ClInclude>
    <ClInclude Include="SAAlgorithm.h">
      <Filter>Header Files</Filter>
    </ClInclude>
    <ClInclude Include="StdAfx.h">
      <Filter>Header Files</Filter>
    </ClInclude>
  </ItemGroup>
  <ItemGroup>
    <CustomBuild Include="ReadMe.txt" />
  </ItemGroup>
</Project>